{
    "_meta": {
        "hash": {
            "sha256": "79c34f8c2821577fbc2bebd36c469aee6c2b68c7c999f78c68caf9892d08cd45"
        },
        "pipfile-spec": 6,
        "requires": {
            "python_version": "3.8"
        },
        "sources": [
            {
                "name": "pypi",
                "url": "https://pypi.org/simple",
                "verify_ssl": true
            }
        ]
    },
    "default": {
        "structlog": {
            "hashes": [
                "sha256:8dab497e6f6ca962abad0c283c46744185e0c9ba900db52a423cb6db99f7abeb",
                "sha256:a341f5524004c158498c3127eecded091eb67d3a611e7a3093deca30db06e172"
            ],
            "index": "pypi",
            "version": "==25.3.0"
        },
        "typing-extensions": {
            "hashes": [
                "sha256:a439e7c04b49fec3e5d3e2beaa21755cadbbdc391694e28ccdd36ca4a1408f8c",
                "sha256:e6c81219bd689f51865d9e372991c540bda33a0379d5573cddb9a3a23f7caaef"
            ],
            "markers": "python_version < '3.11'",
            "version": "==4.13.2"
        }
    },
    "develop": {}
}
